
Microsoft Visual Studio Solution File, Format Version 12.00
# Visual Studio Version 17
VisualStudioVersion = 17.7.34024.191
MinimumVisualStudioVersion = 10.0.40219.1
Project("{9A19103F-16F7-4668-BE54-9A1E7A4F7556}") = "00_Contructs", "00_Contructs\00_Contructs.csproj", "{AB0A87D5-2682-4EAA-9EBA-CE3D16C42038}"
EndProject
Project("{9A19103F-16F7-4668-BE54-9A1E7A4F7556}") = "01_Objects", "01_Objects\01_Objects.csproj", "{20965243-E069-4980-9D2A-B80536D143ED}"
EndProject
Project("{9A19103F-16F7-4668-BE54-9A1E7A4F7556}") = "02_Instances", "02_Instances\02_Instances.csproj", "{14C9A3DA-2A1C-4E38-A651-8642F5892B21}"
EndProject
Project("{9A19103F-16F7-4668-BE54-9A1E7A4F7556}") = "03_Disposable", "03_Disposable\03_Disposable.csproj", "{F064DA47-5530-4520-A839-6397E299FC53}"
EndProject
Project("{9A19103F-16F7-4668-BE54-9A1E7A4F7556}") = "04_Generics", "04_Generics\04_Generics.csproj", "{22FD842E-E385-49E2-BB4E-46FDAFD53741}"
EndProject
Project("{9A19103F-16F7-4668-BE54-9A1E7A4F7556}") = "05_Collections", "05_Collections\05_Collections.csproj", "{E65A2968-7AFA-4327-9782-2E4DDF3D43FC}"
EndProject
Project("{9A19103F-16F7-4668-BE54-9A1E7A4F7556}") = "06_Linq", "06_Linq\06_Linq.csproj", "{A94306E3-1686-49EE-86CE-67C95E7059B8}"
EndProject
Project("{FAE04EC0-301F-11D3-BF4B-00C04F79EFBC}") = "07_Async", "07_Async\07_Async.csproj", "{A857F608-D042-4F21-9B93-877A830D641E}"
EndProject
Project("{FAE04EC0-301F-11D3-BF4B-00C04F79EFBC}") = "08_Null", "08_Null\08_Null.csproj", "{7F428E61-7969-452A-B644-2B40B99CEC77}"
EndProject
Project("{FAE04EC0-301F-11D3-BF4B-00C04F79EFBC}") = "09_DependencyInjection", "09_DependencyInjection\09_DependencyInjection.csproj", "{7312ADEB-E9E2-4D48-AB1A-6C8F10FA4F24}"
EndProject
Project("{FAE04EC0-301F-11D3-BF4B-00C04F79EFBC}") = "10_Visibility", "10_Visibility\10_Visibility.csproj", "{E31EC7A1-ABD8-432D-8952-C24D97974261}"
EndProject
Project("{FAE04EC0-301F-11D3-BF4B-00C04F79EFBC}") = "11_Conventions", "11_Conventions\11_Conventions.csproj", "{3ADEC62D-0D65-4C8A-8CE5-4B5B465E8506}"
EndProject
Project("{FAE04EC0-301F-11D3-BF4B-00C04F79EFBC}") = "12_Enumerable", "12_Enumerable\12_Enumerable.csproj", "{08E7FEA8-7FD0-4EFA-B2FA-F1C0477B2A7A}"
EndProject
Global
	GlobalSection(SolutionConfigurationPlatforms) = preSolution
		Debug|Any CPU = Debug|Any CPU
		Release|Any CPU = Release|Any CPU
	EndGlobalSection
	GlobalSection(ProjectConfigurationPlatforms) = postSolution
		{AB0A87D5-2682-4EAA-9EBA-CE3D16C42038}.Debug|Any CPU.ActiveCfg = Debug|Any CPU
		{AB0A87D5-2682-4EAA-9EBA-CE3D16C42038}.Debug|Any CPU.Build.0 = Debug|Any CPU
		{AB0A87D5-2682-4EAA-9EBA-CE3D16C42038}.Release|Any CPU.ActiveCfg = Release|Any CPU
		{AB0A87D5-2682-4EAA-9EBA-CE3D16C42038}.Release|Any CPU.Build.0 = Release|Any CPU
		{20965243-E069-4980-9D2A-B80536D143ED}.Debug|Any CPU.ActiveCfg = Debug|Any CPU
		{20965243-E069-4980-9D2A-B80536D143ED}.Debug|Any CPU.Build.0 = Debug|Any CPU
		{20965243-E069-4980-9D2A-B80536D143ED}.Release|Any CPU.ActiveCfg = Release|Any CPU
		{20965243-E069-4980-9D2A-B80536D143ED}.Release|Any CPU.Build.0 = Release|Any CPU
		{14C9A3DA-2A1C-4E38-A651-8642F5892B21}.Debug|Any CPU.ActiveCfg = Debug|Any CPU
		{14C9A3DA-2A1C-4E38-A651-8642F5892B21}.Debug|Any CPU.Build.0 = Debug|Any CPU
		{14C9A3DA-2A1C-4E38-A651-8642F5892B21}.Release|Any CPU.ActiveCfg = Release|Any CPU
		{14C9A3DA-2A1C-4E38-A651-8642F5892B21}.Release|Any CPU.Build.0 = Release|Any CPU
		{F064DA47-5530-4520-A839-6397E299FC53}.Debug|Any CPU.ActiveCfg = Debug|Any CPU
		{F064DA47-5530-4520-A839-6397E299FC53}.Debug|Any CPU.Build.0 = Debug|Any CPU
		{F064DA47-5530-4520-A839-6397E299FC53}.Release|Any CPU.ActiveCfg = Release|Any CPU
		{F064DA47-5530-4520-A839-6397E299FC53}.Release|Any CPU.Build.0 = Release|Any CPU
		{22FD842E-E385-49E2-BB4E-46FDAFD53741}.Debug|Any CPU.ActiveCfg = Debug|Any CPU
		{22FD842E-E385-49E2-BB4E-46FDAFD53741}.Debug|Any CPU.Build.0 = Debug|Any CPU
		{22FD842E-E385-49E2-BB4E-46FDAFD53741}.Release|Any CPU.ActiveCfg = Release|Any CPU
		{22FD842E-E385-49E2-BB4E-46FDAFD53741}.Release|Any CPU.Build.0 = Release|Any CPU
		{E65A2968-7AFA-4327-9782-2E4DDF3D43FC}.Debug|Any CPU.ActiveCfg = Debug|Any CPU
		{E65A2968-7AFA-4327-9782-2E4DDF3D43FC}.Debug|Any CPU.Build.0 = Debug|Any CPU
		{E65A2968-7AFA-4327-9782-2E4DDF3D43FC}.Release|Any CPU.ActiveCfg = Release|Any CPU
		{E65A2968-7AFA-4327-9782-2E4DDF3D43FC}.Release|Any CPU.Build.0 = Release|Any CPU
		{A94306E3-1686-49EE-86CE-67C95E7059B8}.Debug|Any CPU.ActiveCfg = Debug|Any CPU
		{A94306E3-1686-49EE-86CE-67C95E7059B8}.Debug|Any CPU.Build.0 = Debug|Any CPU
		{A94306E3-1686-49EE-86CE-67C95E7059B8}.Release|Any CPU.ActiveCfg = Release|Any CPU
		{A94306E3-1686-49EE-86CE-67C95E7059B8}.Release|Any CPU.Build.0 = Release|Any CPU
		{A857F608-D042-4F21-9B93-877A830D641E}.Debug|Any CPU.ActiveCfg = Debug|Any CPU
		{A857F608-D042-4F21-9B93-877A830D641E}.Debug|Any CPU.Build.0 = Debug|Any CPU
		{A857F608-D042-4F21-9B93-877A830D641E}.Release|Any CPU.ActiveCfg = Release|Any CPU
		{A857F608-D042-4F21-9B93-877A830D641E}.Release|Any CPU.Build.0 = Release|Any CPU
		{7F428E61-7969-452A-B644-2B40B99CEC77}.Debug|Any CPU.ActiveCfg = Debug|Any CPU
		{7F428E61-7969-452A-B644-2B40B99CEC77}.Debug|Any CPU.Build.0 = Debug|Any CPU
		{7F428E61-7969-452A-B644-2B40B99CEC77}.Release|Any CPU.ActiveCfg = Release|Any CPU
		{7F428E61-7969-452A-B644-2B40B99CEC77}.Release|Any CPU.Build.0 = Release|Any CPU
		{7312ADEB-E9E2-4D48-AB1A-6C8F10FA4F24}.Debug|Any CPU.ActiveCfg = Debug|Any CPU
		{7312ADEB-E9E2-4D48-AB1A-6C8F10FA4F24}.Debug|Any CPU.Build.0 = Debug|Any CPU
		{7312ADEB-E9E2-4D48-AB1A-6C8F10FA4F24}.Release|Any CPU.ActiveCfg = Release|Any CPU
		{7312ADEB-E9E2-4D48-AB1A-6C8F10FA4F24}.Release|Any CPU.Build.0 = Release|Any CPU
		{E31EC7A1-ABD8-432D-8952-C24D97974261}.Debug|Any CPU.ActiveCfg = Debug|Any CPU
		{E31EC7A1-ABD8-432D-8952-C24D97974261}.Debug|Any CPU.Build.0 = Debug|Any CPU
		{E31EC7A1-ABD8-432D-8952-C24D97974261}.Release|Any CPU.ActiveCfg = Release|Any CPU
		{E31EC7A1-ABD8-432D-8952-C24D97974261}.Release|Any CPU.Build.0 = Release|Any CPU
		{3ADEC62D-0D65-4C8A-8CE5-4B5B465E8506}.Debug|Any CPU.ActiveCfg = Debug|Any CPU
		{3ADEC62D-0D65-4C8A-8CE5-4B5B465E8506}.Debug|Any CPU.Build.0 = Debug|Any CPU
		{3ADEC62D-0D65-4C8A-8CE5-4B5B465E8506}.Release|Any CPU.ActiveCfg = Release|Any CPU
		{3ADEC62D-0D65-4C8A-8CE5-4B5B465E8506}.Release|Any CPU.Build.0 = Release|Any CPU
		{08E7FEA8-7FD0-4EFA-B2FA-F1C0477B2A7A}.Debug|Any CPU.ActiveCfg = Debug|Any CPU
		{08E7FEA8-7FD0-4EFA-B2FA-F1C0477B2A7A}.Debug|Any CPU.Build.0 = Debug|Any CPU
		{08E7FEA8-7FD0-4EFA-B2FA-F1C0477B2A7A}.Release|Any CPU.ActiveCfg = Release|Any CPU
		{08E7FEA8-7FD0-4EFA-B2FA-F1C0477B2A7A}.Release|Any CPU.Build.0 = Release|Any CPU
	EndGlobalSection
	GlobalSection(SolutionProperties) = preSolution
		HideSolutionNode = FALSE
	EndGlobalSection
	GlobalSection(ExtensibilityGlobals) = postSolution
		SolutionGuid = {D422E11E-A9AA-4C4E-8BD5-9557A77CF46B}
	EndGlobalSection
EndGlobal
